<?xml version="1.0" encoding="utf-8"?>
<Project ToolsVersion="4.0" xmlns="http://schemas.microsoft.com/developer/msbuild/2003">
  <ItemGroup>
    <Filter Include="src" />
    <Filter Include="src\app" />
    <Filter Include="src\app\room_slice" />
    <Filter Include="src\content" />
    <Filter Include="src\content\actors" />
    <Filter Include="src\content\rom" />
    <Filter Include="src\content\sprites" />
    <Filter Include="src\content\world" />
    <Filter Include="src\core" />
    <Filter Include="src\core\actors" />
    <Filter Include="src\core\items" />
    <Filter Include="src\core\world" />
    <Filter Include="src\experience" />
    <Filter Include="src\gameplay" />
    <Filter Include="src\gameplay\actors" />
    <Filter Include="src\gameplay\combat" />
    <Filter Include="src\gameplay\interactions" />
    <Filter Include="src\gameplay\items" />
    <Filter Include="src\gameplay\player" />
    <Filter Include="src\input" />
    <Filter Include="src\presentation" />
    <Filter Include="src\presentation\camera" />
    <Filter Include="src\presentation\render" />
    <Filter Include="src\presentation\timing" />
    <Filter Include="src\script" />
    <Filter Include="src\script\runtime" />
    <Filter Include="src\script\state" />
    <Filter Include="src\ui" />
  </ItemGroup>
  <ItemGroup>
    <ClCompile Include="$(OracleRoot)apps\room_slice\main.cpp"><Filter>src\app\room_slice</Filter></ClCompile>
    <ClCompile Include="$(OracleRoot)apps\room_slice\scenario_catalog.cpp"><Filter>src\app\room_slice</Filter></ClCompile>
    <ClCompile Include="$(OracleRoot)src\content\actors\chest_data.cpp"><Filter>src\content\actors</Filter></ClCompile>
    <ClCompile Include="$(OracleRoot)src\content\actors\enemy_data.cpp"><Filter>src\content\actors</Filter></ClCompile>
    <ClCompile Include="$(OracleRoot)src\content\actors\part_data.cpp"><Filter>src\content\actors</Filter></ClCompile>
    <ClCompile Include="$(OracleRoot)src\content\rom\game_boy_tiles.cpp"><Filter>src\content\rom</Filter></ClCompile>
    <ClCompile Include="$(OracleRoot)src\content\rom\rom_source.cpp"><Filter>src\content\rom</Filter></ClCompile>
    <ClCompile Include="$(OracleRoot)src\content\rom\rom_text.cpp"><Filter>src\content\rom</Filter></ClCompile>
    <ClCompile Include="$(OracleRoot)src\content\sprites\enemy_sprite.cpp"><Filter>src\content\sprites</Filter></ClCompile>
    <ClCompile Include="$(OracleRoot)src\content\sprites\interaction_sprite.cpp"><Filter>src\content\sprites</Filter></ClCompile>
    <ClCompile Include="$(OracleRoot)src\content\sprites\link_sprite.cpp"><Filter>src\content\sprites</Filter></ClCompile>
    <ClCompile Include="$(OracleRoot)src\content\sprites\part_sprite.cpp"><Filter>src\content\sprites</Filter></ClCompile>
    <ClCompile Include="$(OracleRoot)src\content\sprites\sword_sprite.cpp"><Filter>src\content\sprites</Filter></ClCompile>
    <ClCompile Include="$(OracleRoot)src\content\world\room_collisions.cpp"><Filter>src\content\world</Filter></ClCompile>
    <ClCompile Include="$(OracleRoot)src\content\world\room_layout.cpp"><Filter>src\content\world</Filter></ClCompile>
    <ClCompile Include="$(OracleRoot)src\content\world\room_mutations.cpp"><Filter>src\content\world</Filter></ClCompile>
    <ClCompile Include="$(OracleRoot)src\content\world\room_objects.cpp"><Filter>src\content\world</Filter></ClCompile>
    <ClCompile Include="$(OracleRoot)src\content\world\room_pixels.cpp"><Filter>src\content\world</Filter></ClCompile>
    <ClCompile Include="$(OracleRoot)src\content\world\room_tile_types.cpp"><Filter>src\content\world</Filter></ClCompile>
    <ClCompile Include="$(OracleRoot)src\content\world\room_topology.cpp"><Filter>src\content\world</Filter></ClCompile>
    <ClCompile Include="$(OracleRoot)src\core\actors\actor_slot_domain.cpp"><Filter>src\core\actors</Filter></ClCompile>
    <ClCompile Include="$(OracleRoot)src\core\items\item_campaign_policy.cpp"><Filter>src\core\items</Filter></ClCompile>
    <ClCompile Include="$(OracleRoot)src\core\items\item_runtime.cpp"><Filter>src\core\items</Filter></ClCompile>
    <ClCompile Include="$(OracleRoot)src\core\world\simulation_region.cpp"><Filter>src\core\world</Filter></ClCompile>
    <ClCompile Include="$(OracleRoot)src\experience\experience_settings.cpp"><Filter>src\experience</Filter></ClCompile>
    <ClCompile Include="$(OracleRoot)src\gameplay\actors\actor_collision.cpp"><Filter>src\gameplay\actors</Filter></ClCompile>
    <ClCompile Include="$(OracleRoot)src\gameplay\actors\object_contact.cpp"><Filter>src\gameplay\actors</Filter></ClCompile>
    <ClCompile Include="$(OracleRoot)src\gameplay\actors\room_actor_loader.cpp"><Filter>src\gameplay\actors</Filter></ClCompile>
    <ClCompile Include="$(OracleRoot)src\gameplay\combat\octorok_runtime.cpp"><Filter>src\gameplay\combat</Filter></ClCompile>
    <ClCompile Include="$(OracleRoot)src\gameplay\combat\sword_runtime.cpp"><Filter>src\gameplay\combat</Filter></ClCompile>
    <ClCompile Include="$(OracleRoot)src\gameplay\interactions\interaction_target.cpp"><Filter>src\gameplay\interactions</Filter></ClCompile>
    <ClCompile Include="$(OracleRoot)src\gameplay\interactions\vasu_interaction.cpp"><Filter>src\gameplay\interactions</Filter></ClCompile>
    <ClCompile Include="$(OracleRoot)src\gameplay\items\chest_runtime.cpp"><Filter>src\gameplay\items</Filter></ClCompile>
    <ClCompile Include="$(OracleRoot)src\gameplay\items\feather_runtime.cpp"><Filter>src\gameplay\items</Filter></ClCompile>
    <ClCompile Include="$(OracleRoot)src\gameplay\player\player_hazard_runtime.cpp"><Filter>src\gameplay\player</Filter></ClCompile>
    <ClCompile Include="$(OracleRoot)src\gameplay\player\player_traversal.cpp"><Filter>src\gameplay\player</Filter></ClCompile>
    <ClCompile Include="$(OracleRoot)src\input\input_frame.cpp"><Filter>src\input</Filter></ClCompile>
    <ClCompile Include="$(OracleRoot)src\presentation\camera\camera.cpp"><Filter>src\presentation\camera</Filter></ClCompile>
    <ClCompile Include="$(OracleRoot)src\presentation\camera\world_viewport.cpp"><Filter>src\presentation\camera</Filter></ClCompile>
    <ClCompile Include="$(OracleRoot)src\presentation\render\render_plan.cpp"><Filter>src\presentation\render</Filter></ClCompile>
    <ClCompile Include="$(OracleRoot)src\presentation\timing\frame_timing.cpp"><Filter>src\presentation\timing</Filter></ClCompile>
    <ClCompile Include="$(OracleRoot)src\script\runtime\campaign_script.cpp"><Filter>src\script\runtime</Filter></ClCompile>
    <ClCompile Include="$(OracleRoot)src\script\state\original_state.cpp"><Filter>src\script\state</Filter></ClCompile>
  </ItemGroup>
  <ItemGroup>
    <ClInclude Include="$(OracleRoot)apps\room_slice\scenario_catalog.h"><Filter>src\app\room_slice</Filter></ClInclude>
    <ClInclude Include="$(OracleRoot)include\oracle\content\chest_data.h"><Filter>src\content\actors</Filter></ClInclude>
    <ClInclude Include="$(OracleRoot)include\oracle\content\enemy_data.h"><Filter>src\content\actors</Filter></ClInclude>
    <ClInclude Include="$(OracleRoot)include\oracle\content\part_data.h"><Filter>src\content\actors</Filter></ClInclude>
    <ClInclude Include="$(OracleRoot)include\oracle\content\game_boy_tiles.h"><Filter>src\content\rom</Filter></ClInclude>
    <ClInclude Include="$(OracleRoot)include\oracle\content\rom_source.h"><Filter>src\content\rom</Filter></ClInclude>
    <ClInclude Include="$(OracleRoot)include\oracle\content\rom_text.h"><Filter>src\content\rom</Filter></ClInclude>
    <ClInclude Include="$(OracleRoot)include\oracle\content\enemy_sprite.h"><Filter>src\content\sprites</Filter></ClInclude>
    <ClInclude Include="$(OracleRoot)include\oracle\content\interaction_sprite.h"><Filter>src\content\sprites</Filter></ClInclude>
    <ClInclude Include="$(OracleRoot)include\oracle\content\link_sprite.h"><Filter>src\content\sprites</Filter></ClInclude>
    <ClInclude Include="$(OracleRoot)include\oracle\content\part_sprite.h"><Filter>src\content\sprites</Filter></ClInclude>
    <ClInclude Include="$(OracleRoot)include\oracle\content\sword_sprite.h"><Filter>src\content\sprites</Filter></ClInclude>
    <ClInclude Include="$(OracleRoot)include\oracle\content\room_collisions.h"><Filter>src\content\world</Filter></ClInclude>
    <ClInclude Include="$(OracleRoot)include\oracle\content\room_layout.h"><Filter>src\content\world</Filter></ClInclude>
    <ClInclude Include="$(OracleRoot)include\oracle\content\room_mutations.h"><Filter>src\content\world</Filter></ClInclude>
    <ClInclude Include="$(OracleRoot)include\oracle\content\room_objects.h"><Filter>src\content\world</Filter></ClInclude>
    <ClInclude Include="$(OracleRoot)include\oracle\content\room_pixels.h"><Filter>src\content\world</Filter></ClInclude>
    <ClInclude Include="$(OracleRoot)include\oracle\content\room_tile_types.h"><Filter>src\content\world</Filter></ClInclude>
    <ClInclude Include="$(OracleRoot)include\oracle\content\room_topology.h"><Filter>src\content\world</Filter></ClInclude>
    <ClInclude Include="$(OracleRoot)include\oracle\core\actor_slot_domain.h"><Filter>src\core\actors</Filter></ClInclude>
    <ClInclude Include="$(OracleRoot)include\oracle\core\item_campaign_policy.h"><Filter>src\core\items</Filter></ClInclude>
    <ClInclude Include="$(OracleRoot)include\oracle\core\item_runtime.h"><Filter>src\core\items</Filter></ClInclude>
    <ClInclude Include="$(OracleRoot)include\oracle\core\item_state.h"><Filter>src\core\items</Filter></ClInclude>
    <ClInclude Include="$(OracleRoot)include\oracle\core\campaign.h"><Filter>src\core\world</Filter></ClInclude>
    <ClInclude Include="$(OracleRoot)include\oracle\core\simulation_region.h"><Filter>src\core\world</Filter></ClInclude>
    <ClInclude Include="$(OracleRoot)include\oracle\core\world_id.h"><Filter>src\core\world</Filter></ClInclude>
    <ClInclude Include="$(OracleRoot)include\oracle\experience_settings.h"><Filter>src\experience</Filter></ClInclude>
    <ClInclude Include="$(OracleRoot)include\oracle\gameplay\actor_collision.h"><Filter>src\gameplay\actors</Filter></ClInclude>
    <ClInclude Include="$(OracleRoot)include\oracle\gameplay\object_contact.h"><Filter>src\gameplay\actors</Filter></ClInclude>
    <ClInclude Include="$(OracleRoot)include\oracle\gameplay\room_actor_loader.h"><Filter>src\gameplay\actors</Filter></ClInclude>
    <ClInclude Include="$(OracleRoot)include\oracle\gameplay\octorok_runtime.h"><Filter>src\gameplay\combat</Filter></ClInclude>
    <ClInclude Include="$(OracleRoot)include\oracle\gameplay\sword_runtime.h"><Filter>src\gameplay\combat</Filter></ClInclude>
    <ClInclude Include="$(OracleRoot)include\oracle\gameplay\interaction_target.h"><Filter>src\gameplay\interactions</Filter></ClInclude>
    <ClInclude Include="$(OracleRoot)include\oracle\gameplay\vasu_interaction.h"><Filter>src\gameplay\interactions</Filter></ClInclude>
    <ClInclude Include="$(OracleRoot)include\oracle\gameplay\chest_runtime.h"><Filter>src\gameplay\items</Filter></ClInclude>
    <ClInclude Include="$(OracleRoot)include\oracle\gameplay\feather_runtime.h"><Filter>src\gameplay\items</Filter></ClInclude>
    <ClInclude Include="$(OracleRoot)include\oracle\gameplay\player_combat_state.h"><Filter>src\gameplay\player</Filter></ClInclude>
    <ClInclude Include="$(OracleRoot)include\oracle\gameplay\player_hazard_runtime.h"><Filter>src\gameplay\player</Filter></ClInclude>
    <ClInclude Include="$(OracleRoot)include\oracle\gameplay\player_traversal.h"><Filter>src\gameplay\player</Filter></ClInclude>
    <ClInclude Include="$(OracleRoot)include\oracle\input\input_frame.h"><Filter>src\input</Filter></ClInclude>
    <ClInclude Include="$(OracleRoot)include\oracle\presentation\camera.h"><Filter>src\presentation\camera</Filter></ClInclude>
    <ClInclude Include="$(OracleRoot)include\oracle\presentation\world_viewport.h"><Filter>src\presentation\camera</Filter></ClInclude>
    <ClInclude Include="$(OracleRoot)include\oracle\presentation\render_plan.h"><Filter>src\presentation\render</Filter></ClInclude>
    <ClInclude Include="$(OracleRoot)include\oracle\presentation\world_scene.h"><Filter>src\presentation\render</Filter></ClInclude>
    <ClInclude Include="$(OracleRoot)include\oracle\presentation\frame_timing.h"><Filter>src\presentation\timing</Filter></ClInclude>
    <ClInclude Include="$(OracleRoot)include\oracle\script\campaign_script.h"><Filter>src\script\runtime</Filter></ClInclude>
    <ClInclude Include="$(OracleRoot)include\oracle\script\original_state.h"><Filter>src\script\state</Filter></ClInclude>
    <ClInclude Include="$(OracleRoot)include\oracle\ui\dialogue_model.h"><Filter>src\ui</Filter></ClInclude>
  </ItemGroup>
</Project>
